<?xml version="1.0" encoding="UTF-8" standalone="yes" ?>
<CodeBlocks_project_file>
	<FileVersion major="1" minor="6" />
	<Project>
		<Option title="1D-Discharge" />
		<Option pch_mode="2" />
		<Option compiler="gcc" />
		<Build>
			<Target title="Debug">
				<Option output="bin/Debug/1D-Discharge" prefix_auto="1" extension_auto="1" />
				<Option object_output="obj/Debug/" />
				<Option type="1" />
				<Option compiler="gcc" />
				<Compiler>
					<Add option="-g" />
				</Compiler>
			</Target>
			<Target title="Release">
				<Option output="bin/Release/1D-Discharge" prefix_auto="1" extension_auto="1" />
				<Option object_output="obj/Release/" />
				<Option type="1" />
				<Option compiler="gcc" />
				<Compiler>
					<Add option="-O2" />
				</Compiler>
				<Linker>
					<Add option="-s" />
				</Linker>
			</Target>
		</Build>
		<Compiler>
			<Add option="-Wall" />
			<Add option="-fexceptions" />
		</Compiler>
		<Unit filename="1DTransport.cpp" />
		<Unit filename="1DTransport.h" />
		<Unit filename="1D_MainFun.cpp" />
		<Unit filename="1D_MainFun.h" />
		<Unit filename="1Dmesh.cpp" />
		<Unit filename="1Dmesh.h" />
		<Unit filename="Chemistry_calc.cpp" />
		<Unit filename="Chemistry_calc.h" />
		<Unit filename="Comps_N2.txt" />
		<Unit filename="EEDF_calc.cpp" />
		<Unit filename="EEDF_calc.h" />
		<Unit filename="GasPropDB.txt" />
		<Unit filename="Gas_calc.cpp" />
		<Unit filename="Gas_calc.h" />
		<Unit filename="Initials.cpp" />
		<Unit filename="Initials.h" />
		<Extensions>
			<code_completion />
			<envvars />
			<debugger />
		</Extensions>
	</Project>
</CodeBlocks_project_file>
